// !$*UTF8*$!
{
	archiveVersion = 1;
	classes = {
	};
	objectVersion = 46;
	objects = {

/* Begin PBXBuildFile section */
		168AFD871ED6258F00A9DCAE /* 165000.jpg in Resources */ = {isa = PBXBuildFile; fileRef = 168AFD711ED6258F00A9DCAE /* 165000.jpg */; };
		168AFD881ED6258F00A9DCAE /* 189900.jpg in Resources */ = {isa = PBXBuildFile; fileRef = 168AFD721ED6258F00A9DCAE /* 189900.jpg */; };
		168AFD891ED6258F00A9DCAE /* 236200.jpg in Resources */ = {isa = PBXBuildFile; fileRef = 168AFD731ED6258F00A9DCAE /* 236200.jpg */; };
		168AFD8A1ED6258F00A9DCAE /* 247500.jpg in Resources */ = {isa = PBXBuildFile; fileRef = 168AFD741ED6258F00A9DCAE /* 247500.jpg */; };
		168AFD8B1ED6258F00A9DCAE /* 285000.jpg in Resources */ = {isa = PBXBuildFile; fileRef = 168AFD751ED6258F00A9DCAE /* 285000.jpg */; };
		168AFD8C1ED6258F00A9DCAE /* 289000.jpg in Resources */ = {isa = PBXBuildFile; fileRef = 168AFD761ED6258F00A9DCAE /* 289000.jpg */; };
		168AFD8D1ED6258F00A9DCAE /* 295000.jpg in Resources */ = {isa = PBXBuildFile; fileRef = 168AFD771ED6258F00A9DCAE /* 295000.jpg */; };
		168AFD8E1ED6258F00A9DCAE /* 325000.jpg in Resources */ = {isa = PBXBuildFile; fileRef = 168AFD781ED6258F00A9DCAE /* 325000.jpg */; };
		168AFD8F1ED6258F00A9DCAE /* 430000.jpg in Resources */ = {isa = PBXBuildFile; fileRef = 168AFD791ED6258F00A9DCAE /* 430000.jpg */; };
		168AFD901ED6258F00A9DCAE /* 575000.jpg in Resources */ = {isa = PBXBuildFile; fileRef = 168AFD7A1ED6258F00A9DCAE /* 575000.jpg */; };
		168AFD911ED6258F00A9DCAE /* 763000.jpg in Resources */ = {isa = PBXBuildFile; fileRef = 168AFD7B1ED6258F00A9DCAE /* 763000.jpg */; };
		168AFD921ED6258F00A9DCAE /* 787500.jpg in Resources */ = {isa = PBXBuildFile; fileRef = 168AFD7C1ED6258F00A9DCAE /* 787500.jpg */; };
		168AFD931ED6258F00A9DCAE /* 813000.jpg in Resources */ = {isa = PBXBuildFile; fileRef = 168AFD7D1ED6258F00A9DCAE /* 813000.jpg */; };
		168AFD941ED6258F00A9DCAE /* 880000.jpg in Resources */ = {isa = PBXBuildFile; fileRef = 168AFD7E1ED6258F00A9DCAE /* 880000.jpg */; };
		168AFD951ED6258F00A9DCAE /* 889000.jpg in Resources */ = {isa = PBXBuildFile; fileRef = 168AFD7F1ED6258F00A9DCAE /* 889000.jpg */; };
		168AFD961ED6258F00A9DCAE /* 900000.jpg in Resources */ = {isa = PBXBuildFile; fileRef = 168AFD801ED6258F00A9DCAE /* 900000.jpg */; };
		168AFD971ED6258F00A9DCAE /* 965000.jpg in Resources */ = {isa = PBXBuildFile; fileRef = 168AFD811ED6258F00A9DCAE /* 965000.jpg */; };
		168AFD981ED6258F00A9DCAE /* 975000.jpg in Resources */ = {isa = PBXBuildFile; fileRef = 168AFD821ED6258F00A9DCAE /* 975000.jpg */; };
		168AFD991ED6258F00A9DCAE /* 1075000.jpg in Resources */ = {isa = PBXBuildFile; fileRef = 168AFD831ED6258F00A9DCAE /* 1075000.jpg */; };
		168AFD9A1ED6258F00A9DCAE /* 1290000.jpg in Resources */ = {isa = PBXBuildFile; fileRef = 168AFD841ED6258F00A9DCAE /* 1290000.jpg */; };
		168AFD9B1ED6258F00A9DCAE /* 1660000.jpg in Resources */ = {isa = PBXBuildFile; fileRef = 168AFD851ED6258F00A9DCAE /* 1660000.jpg */; };
		168AFD9C1ED6258F00A9DCAE /* 1698000.jpg in Resources */ = {isa = PBXBuildFile; fileRef = 168AFD861ED6258F00A9DCAE /* 1698000.jpg */; };
		168AFD9E1ED6259D00A9DCAE /* homes.json in Resources */ = {isa = PBXBuildFile; fileRef = 168AFD9D1ED6259D00A9DCAE /* homes.json */; };
		168AFDA81ED629DF00A9DCAE /* SaleHistory+CoreDataClass.swift in Sources */ = {isa = PBXBuildFile; fileRef = 168AFDA01ED629DF00A9DCAE /* SaleHistory+CoreDataClass.swift */; };
		168AFDA91ED629DF00A9DCAE /* SaleHistory+CoreDataProperties.swift in Sources */ = {isa = PBXBuildFile; fileRef = 168AFDA11ED629DF00A9DCAE /* SaleHistory+CoreDataProperties.swift */; };
		168AFDAA1ED629DF00A9DCAE /* SingleFamily+CoreDataClass.swift in Sources */ = {isa = PBXBuildFile; fileRef = 168AFDA21ED629DF00A9DCAE /* SingleFamily+CoreDataClass.swift */; };
		168AFDAB1ED629DF00A9DCAE /* SingleFamily+CoreDataProperties.swift in Sources */ = {isa = PBXBuildFile; fileRef = 168AFDA31ED629DF00A9DCAE /* SingleFamily+CoreDataProperties.swift */; };
		168AFDAC1ED629DF00A9DCAE /* Home+CoreDataClass.swift in Sources */ = {isa = PBXBuildFile; fileRef = 168AFDA41ED629DF00A9DCAE /* Home+CoreDataClass.swift */; };
		168AFDAD1ED629DF00A9DCAE /* Home+CoreDataProperties.swift in Sources */ = {isa = PBXBuildFile; fileRef = 168AFDA51ED629DF00A9DCAE /* Home+CoreDataProperties.swift */; };
		168AFDAE1ED629DF00A9DCAE /* Condo+CoreDataClass.swift in Sources */ = {isa = PBXBuildFile; fileRef = 168AFDA61ED629DF00A9DCAE /* Condo+CoreDataClass.swift */; };
		168AFDAF1ED629DF00A9DCAE /* Condo+CoreDataProperties.swift in Sources */ = {isa = PBXBuildFile; fileRef = 168AFDA71ED629DF00A9DCAE /* Condo+CoreDataProperties.swift */; };
		169771011ED5DF2800A88FDA /* AppDelegate.swift in Sources */ = {isa = PBXBuildFile; fileRef = 169771001ED5DF2800A88FDA /* AppDelegate.swift */; };
		169771031ED5DF2800A88FDA /* ViewController.swift in Sources */ = {isa = PBXBuildFile; fileRef = 169771021ED5DF2800A88FDA /* ViewController.swift */; };
		169771061ED5DF2800A88FDA /* Main.storyboard in Resources */ = {isa = PBXBuildFile; fileRef = 169771041ED5DF2800A88FDA /* Main.storyboard */; };
		169771091ED5DF2800A88FDA /* HomeReport.xcdatamodeld in Sources */ = {isa = PBXBuildFile; fileRef = 169771071ED5DF2800A88FDA /* HomeReport.xcdatamodeld */; };
		1697710B1ED5DF2800A88FDA /* Assets.xcassets in Resources */ = {isa = PBXBuildFile; fileRef = 1697710A1ED5DF2800A88FDA /* Assets.xcassets */; };
		1697710E1ED5DF2800A88FDA /* LaunchScreen.storyboard in Resources */ = {isa = PBXBuildFile; fileRef = 1697710C1ED5DF2800A88FDA /* LaunchScreen.storyboard */; };
		169771161ED5DF5A00A88FDA /* CoreDataStack.swift in Sources */ = {isa = PBXBuildFile; fileRef = 169771151ED5DF5A00A88FDA /* CoreDataStack.swift */; };
/* End PBXBuildFile section */

/* Begin PBXFileReference section */
		168AFD711ED6258F00A9DCAE /* 165000.jpg */ = {isa = PBXFileReference; lastKnownFileType = image.jpeg; path = 165000.jpg; sourceTree = "<group>"; };
		168AFD721ED6258F00A9DCAE /* 189900.jpg */ = {isa = PBXFileReference; lastKnownFileType = image.jpeg; path = 189900.jpg; sourceTree = "<group>"; };
		168AFD731ED6258F00A9DCAE /* 236200.jpg */ = {isa = PBXFileReference; lastKnownFileType = image.jpeg; path = 236200.jpg; sourceTree = "<group>"; };
		168AFD741ED6258F00A9DCAE /* 247500.jpg */ = {isa = PBXFileReference; lastKnownFileType = image.jpeg; path = 247500.jpg; sourceTree = "<group>"; };
		168AFD751ED6258F00A9DCAE /* 285000.jpg */ = {isa = PBXFileReference; lastKnownFileType = image.jpeg; path = 285000.jpg; sourceTree = "<group>"; };
		168AFD761ED6258F00A9DCAE /* 289000.jpg */ = {isa = PBXFileReference; lastKnownFileType = image.jpeg; path = 289000.jpg; sourceTree = "<group>"; };
		168AFD771ED6258F00A9DCAE /* 295000.jpg */ = {isa = PBXFileReference; lastKnownFileType = image.jpeg; path = 295000.jpg; sourceTree = "<group>"; };
		168AFD781ED6258F00A9DCAE /* 325000.jpg */ = {isa = PBXFileReference; lastKnownFileType = image.jpeg; path = 325000.jpg; sourceTree = "<group>"; };
		168AFD791ED6258F00A9DCAE /* 430000.jpg */ = {isa = PBXFileReference; lastKnownFileType = image.jpeg; path = 430000.jpg; sourceTree = "<group>"; };
		168AFD7A1ED6258F00A9DCAE /* 575000.jpg */ = {isa = PBXFileReference; lastKnownFileType = image.jpeg; path = 575000.jpg; sourceTree = "<group>"; };
		168AFD7B1ED6258F00A9DCAE /* 763000.jpg */ = {isa = PBXFileReference; lastKnownFileType = image.jpeg; path = 763000.jpg; sourceTree = "<group>"; };
		168AFD7C1ED6258F00A9DCAE /* 787500.jpg */ = {isa = PBXFileReference; lastKnownFileType = image.jpeg; path = 787500.jpg; sourceTree = "<group>"; };
		168AFD7D1ED6258F00A9DCAE /* 813000.jpg */ = {isa = PBXFileReference; lastKnownFileType = image.jpeg; path = 813000.jpg; sourceTree = "<group>"; };
		168AFD7E1ED6258F00A9DCAE /* 880000.jpg */ = {isa = PBXFileReference; lastKnownFileType = image.jpeg; path = 880000.jpg; sourceTree = "<group>"; };
		168AFD7F1ED6258F00A9DCAE /* 889000.jpg */ = {isa = PBXFileReference; lastKnownFileType = image.jpeg; path = 889000.jpg; sourceTree = "<group>"; };
		168AFD801ED6258F00A9DCAE /* 900000.jpg */ = {isa = PBXFileReference; lastKnownFileType = image.jpeg; path = 900000.jpg; sourceTree = "<group>"; };
		168AFD811ED6258F00A9DCAE /* 965000.jpg */ = {isa = PBXFileReference; lastKnownFileType = image.jpeg; path = 965000.jpg; sourceTree = "<group>"; };
		168AFD821ED6258F00A9DCAE /* 975000.jpg */ = {isa = PBXFileReference; lastKnownFileType = image.jpeg; path = 975000.jpg; sourceTree = "<group>"; };
		168AFD831ED6258F00A9DCAE /* 1075000.jpg */ = {isa = PBXFileReference; lastKnownFileType = image.jpeg; path = 1075000.jpg; sourceTree = "<group>"; };
		168AFD841ED6258F00A9DCAE /* 1290000.jpg */ = {isa = PBXFileReference; lastKnownFileType = image.jpeg; path = 1290000.jpg; sourceTree = "<group>"; };
		168AFD851ED6258F00A9DCAE /* 1660000.jpg */ = {isa = PBXFileReference; lastKnownFileType = image.jpeg; path = 1660000.jpg; sourceTree = "<group>"; };
		168AFD861ED6258F00A9DCAE /* 1698000.jpg */ = {isa = PBXFileReference; lastKnownFileType = image.jpeg; path = 1698000.jpg; sourceTree = "<group>"; };
		168AFD9D1ED6259D00A9DCAE /* homes.json */ = {isa = PBXFileReference; fileEncoding = 4; lastKnownFileType = text.json; path = homes.json; sourceTree = "<group>"; };
		168AFDA01ED629DF00A9DCAE /* SaleHistory+CoreDataClass.swift */ = {isa = PBXFileReference; fileEncoding = 4; lastKnownFileType = sourcecode.swift; path = "SaleHistory+CoreDataClass.swift"; sourceTree = "<group>"; };
		168AFDA11ED629DF00A9DCAE /* SaleHistory+CoreDataProperties.swift */ = {isa = PBXFileReference; fileEncoding = 4; lastKnownFileType = sourcecode.swift; path = "SaleHistory+CoreDataProperties.swift"; sourceTree = "<group>"; };
		168AFDA21ED629DF00A9DCAE /* SingleFamily+CoreDataClass.swift */ = {isa = PBXFileReference; fileEncoding = 4; lastKnownFileType = sourcecode.swift; path = "SingleFamily+CoreDataClass.swift"; sourceTree = "<group>"; };
		168AFDA31ED629DF00A9DCAE /* SingleFamily+CoreDataProperties.swift */ = {isa = PBXFileReference; fileEncoding = 4; lastKnownFileType = sourcecode.swift; path = "SingleFamily+CoreDataProperties.swift"; sourceTree = "<group>"; };
		168AFDA41ED629DF00A9DCAE /* Home+CoreDataClass.swift */ = {isa = PBXFileReference; fileEncoding = 4; lastKnownFileType = sourcecode.swift; path = "Home+CoreDataClass.swift"; sourceTree = "<group>"; };
		168AFDA51ED629DF00A9DCAE /* Home+CoreDataProperties.swift */ = {isa = PBXFileReference; fileEncoding = 4; lastKnownFileType = sourcecode.swift; path = "Home+CoreDataProperties.swift"; sourceTree = "<group>"; };
		168AFDA61ED629DF00A9DCAE /* Condo+CoreDataClass.swift */ = {isa = PBXFileReference; fileEncoding = 4; lastKnownFileType = sourcecode.swift; path = "Condo+CoreDataClass.swift"; sourceTree = "<group>"; };
		168AFDA71ED629DF00A9DCAE /* Condo+CoreDataProperties.swift */ = {isa = PBXFileReference; fileEncoding = 4; lastKnownFileType = sourcecode.swift; path = "Condo+CoreDataProperties.swift"; sourceTree = "<group>"; };
		169770FD1ED5DF2800A88FDA /* HomeReport.app */ = {isa = PBXFileReference; explicitFileType = wrapper.application; includeInIndex = 0; path = HomeReport.app; sourceTree = BUILT_PRODUCTS_DIR; };
		169771001ED5DF2800A88FDA /* AppDelegate.swift */ = {isa = PBXFileReference; lastKnownFileType = sourcecode.swift; path = AppDelegate.swift; sourceTree = "<group>"; };
		169771021ED5DF2800A88FDA /* ViewController.swift */ = {isa = PBXFileReference; lastKnownFileType = sourcecode.swift; path = ViewController.swift; sourceTree = "<group>"; };
		169771051ED5DF2800A88FDA /* Base */ = {isa = PBXFileReference; lastKnownFileType = file.storyboard; name = Base; path = Base.lproj/Main.storyboard; sourceTree = "<group>"; };
		169771081ED5DF2800A88FDA /* HomeReport.xcdatamodel */ = {isa = PBXFileReference; lastKnownFileType = wrapper.xcdatamodel; path = HomeReport.xcdatamodel; sourceTree = "<group>"; };
		1697710A1ED5DF2800A88FDA /* Assets.xcassets */ = {isa = PBXFileReference; lastKnownFileType = folder.assetcatalog; path = Assets.xcassets; sourceTree = "<group>"; };
		1697710D1ED5DF2800A88FDA /* Base */ = {isa = PBXFileReference; lastKnownFileType = file.storyboard; name = Base; path = Base.lproj/LaunchScreen.storyboard; sourceTree = "<group>"; };
		1697710F1ED5DF2800A88FDA /* Info.plist */ = {isa = PBXFileReference; lastKnownFileType = text.plist.xml; path = Info.plist; sourceTree = "<group>"; };
		169771151ED5DF5A00A88FDA /* CoreDataStack.swift */ = {isa = PBXFileReference; fileEncoding = 4; lastKnownFileType = sourcecode.swift; path = CoreDataStack.swift; sourceTree = "<group>"; };
/* End PBXFileReference section */

/* Begin PBXFrameworksBuildPhase section */
		169770FA1ED5DF2800A88FDA /* Frameworks */ = {
			isa = PBXFrameworksBuildPhase;
			buildActionMask = 2147483647;
			files = (
			);
			runOnlyForDeploymentPostprocessing = 0;
		};
/* End PBXFrameworksBuildPhase section */

/* Begin PBXGroup section */
		168AFD6F1ED6257600A9DCAE /* images */ = {
			isa = PBXGroup;
			children = (
				168AFD711ED6258F00A9DCAE /* 165000.jpg */,
				168AFD721ED6258F00A9DCAE /* 189900.jpg */,
				168AFD731ED6258F00A9DCAE /* 236200.jpg */,
				168AFD741ED6258F00A9DCAE /* 247500.jpg */,
				168AFD751ED6258F00A9DCAE /* 285000.jpg */,
				168AFD761ED6258F00A9DCAE /* 289000.jpg */,
				168AFD771ED6258F00A9DCAE /* 295000.jpg */,
				168AFD781ED6258F00A9DCAE /* 325000.jpg */,
				168AFD791ED6258F00A9DCAE /* 430000.jpg */,
				168AFD7A1ED6258F00A9DCAE /* 575000.jpg */,
				168AFD7B1ED6258F00A9DCAE /* 763000.jpg */,
				168AFD7C1ED6258F00A9DCAE /* 787500.jpg */,
				168AFD7D1ED6258F00A9DCAE /* 813000.jpg */,
				168AFD7E1ED6258F00A9DCAE /* 880000.jpg */,
				168AFD7F1ED6258F00A9DCAE /* 889000.jpg */,
				168AFD801ED6258F00A9DCAE /* 900000.jpg */,
				168AFD811ED6258F00A9DCAE /* 965000.jpg */,
				168AFD821ED6258F00A9DCAE /* 975000.jpg */,
				168AFD831ED6258F00A9DCAE /* 1075000.jpg */,
				168AFD841ED6258F00A9DCAE /* 1290000.jpg */,
				168AFD851ED6258F00A9DCAE /* 1660000.jpg */,
				168AFD861ED6258F00A9DCAE /* 1698000.jpg */,
			);
			name = images;
			sourceTree = "<group>";
		};
		168AFD701ED6257E00A9DCAE /* model */ = {
			isa = PBXGroup;
			children = (
				168AFD9D1ED6259D00A9DCAE /* homes.json */,
				169771071ED5DF2800A88FDA /* HomeReport.xcdatamodeld */,
			);
			name = model;
			sourceTree = "<group>";
		};
		168AFD9F1ED629AE00A9DCAE /* entity */ = {
			isa = PBXGroup;
			children = (
				168AFDA01ED629DF00A9DCAE /* SaleHistory+CoreDataClass.swift */,
				168AFDA11ED629DF00A9DCAE /* SaleHistory+CoreDataProperties.swift */,
				168AFDA21ED629DF00A9DCAE /* SingleFamily+CoreDataClass.swift */,
				168AFDA31ED629DF00A9DCAE /* SingleFamily+CoreDataProperties.swift */,
				168AFDA41ED629DF00A9DCAE /* Home+CoreDataClass.swift */,
				168AFDA51ED629DF00A9DCAE /* Home+CoreDataProperties.swift */,
				168AFDA61ED629DF00A9DCAE /* Condo+CoreDataClass.swift */,
				168AFDA71ED629DF00A9DCAE /* Condo+CoreDataProperties.swift */,
			);
			name = entity;
			sourceTree = "<group>";
		};
		169770F41ED5DF2800A88FDA = {
			isa = PBXGroup;
			children = (
				169770FF1ED5DF2800A88FDA /* HomeReport */,
				169770FE1ED5DF2800A88FDA /* Products */,
			);
			sourceTree = "<group>";
		};
		169770FE1ED5DF2800A88FDA /* Products */ = {
			isa = PBXGroup;
			children = (
				169770FD1ED5DF2800A88FDA /* HomeReport.app */,
			);
			name = Products;
			sourceTree = "<group>";
		};
		169770FF1ED5DF2800A88FDA /* HomeReport */ = {
			isa = PBXGroup;
			children = (
				168AFD9F1ED629AE00A9DCAE /* entity */,
				168AFD701ED6257E00A9DCAE /* model */,
				168AFD6F1ED6257600A9DCAE /* images */,
				169771151ED5DF5A00A88FDA /* CoreDataStack.swift */,
				169771001ED5DF2800A88FDA /* AppDelegate.swift */,
				169771021ED5DF2800A88FDA /* ViewController.swift */,
				169771041ED5DF2800A88FDA /* Main.storyboard */,
				1697710A1ED5DF2800A88FDA /* Assets.xcassets */,
				1697710C1ED5DF2800A88FDA /* LaunchScreen.storyboard */,
				1697710F1ED5DF2800A88FDA /* Info.plist */,
			);
			path = HomeReport;
			sourceTree = "<group>";
		};
/* End PBXGroup section */

/* Begin PBXNativeTarget section */
		169770FC1ED5DF2800A88FDA /* HomeReport */ = {
			isa = PBXNativeTarget;
			buildConfigurationList = 169771121ED5DF2800A88FDA /* Build configuration list for PBXNativeTarget "HomeReport" */;
			buildPhases = (
				169770F91ED5DF2800A88FDA /* Sources */,
				169770FA1ED5DF2800A88FDA /* Frameworks */,
				169770FB1ED5DF2800A88FDA /* Resources */,
			);
			buildRules = (
			);
			dependencies = (
			);
			name = HomeReport;
			productName = HomeReport;
			productReference = 169770FD1ED5DF2800A88FDA /* HomeReport.app */;
			productType = "com.apple.product-type.application";
		};
/* End PBXNativeTarget section */

/* Begin PBXProject section */
		169770F51ED5DF2800A88FDA /* Project object */ = {
			isa = PBXProject;
			attributes = {
				LastSwiftUpdateCheck = 0830;
				LastUpgradeCheck = 0830;
				ORGANIZATIONNAME = "Marcelo Mogrovejo";
				TargetAttributes = {
					169770FC1ED5DF2800A88FDA = {
						CreatedOnToolsVersion = 8.3.2;
						DevelopmentTeam = UZ8Z6MM7C2;
						ProvisioningStyle = Automatic;
					};
				};
			};
			buildConfigurationList = 169770F81ED5DF2800A88FDA /* Build configuration list for PBXProject "HomeReport" */;
			compatibilityVersion = "Xcode 3.2";
			developmentRegion = English;
			hasScannedForEncodings = 0;
			knownRegions = (
				en,
				Base,
			);
			mainGroup = 169770F41ED5DF2800A88FDA;
			productRefGroup = 169770FE1ED5DF2800A88FDA /* Products */;
			projectDirPath = "";
			projectRoot = "";
			targets = (
				169770FC1ED5DF2800A88FDA /* HomeReport */,
			);
		};
/* End PBXProject section */

/* Begin PBXResourcesBuildPhase section */
		169770FB1ED5DF2800A88FDA /* Resources */ = {
			isa = PBXResourcesBuildPhase;
			buildActionMask = 2147483647;
			files = (
				168AFD941ED6258F00A9DCAE /* 880000.jpg in Resources */,
				168AFD8F1ED6258F00A9DCAE /* 430000.jpg in Resources */,
				168AFD901ED6258F00A9DCAE /* 575000.jpg in Resources */,
				168AFD8C1ED6258F00A9DCAE /* 289000.jpg in Resources */,
				168AFD981ED6258F00A9DCAE /* 975000.jpg in Resources */,
				168AFD911ED6258F00A9DCAE /* 763000.jpg in Resources */,
				168AFD9A1ED6258F00A9DCAE /* 1290000.jpg in Resources */,
				168AFD9B1ED6258F00A9DCAE /* 1660000.jpg in Resources */,
				168AFD8B1ED6258F00A9DCAE /* 285000.jpg in Resources */,
				168AFD931ED6258F00A9DCAE /* 813000.jpg in Resources */,
				1697710E1ED5DF2800A88FDA /* LaunchScreen.storyboard in Resources */,
				168AFD991ED6258F00A9DCAE /* 1075000.jpg in Resources */,
				168AFD881ED6258F00A9DCAE /* 189900.jpg in Resources */,
				168AFD9C1ED6258F00A9DCAE /* 1698000.jpg in Resources */,
				168AFD871ED6258F00A9DCAE /* 165000.jpg in Resources */,
				168AFD951ED6258F00A9DCAE /* 889000.jpg in Resources */,
				168AFD8D1ED6258F00A9DCAE /* 295000.jpg in Resources */,
				1697710B1ED5DF2800A88FDA /* Assets.xcassets in Resources */,
				168AFD921ED6258F00A9DCAE /* 787500.jpg in Resources */,
				168AFD8A1ED6258F00A9DCAE /* 247500.jpg in Resources */,
				168AFD8E1ED6258F00A9DCAE /* 325000.jpg in Resources */,
				168AFD961ED6258F00A9DCAE /* 900000.jpg in Resources */,
				168AFD971ED6258F00A9DCAE /* 965000.jpg in Resources */,
				168AFD891ED6258F00A9DCAE /* 236200.jpg in Resources */,
				168AFD9E1ED6259D00A9DCAE /* homes.json in Resources */,
				169771061ED5DF2800A88FDA /* Main.storyboard in Resources */,
			);
			runOnlyForDeploymentPostprocessing = 0;
		};
/* End PBXResourcesBuildPhase section */

/* Begin PBXSourcesBuildPhase section */
		169770F91ED5DF2800A88FDA /* Sources */ = {
			isa = PBXSourcesBuildPhase;
			buildActionMask = 2147483647;
			files = (
				168AFDAA1ED629DF00A9DCAE /* SingleFamily+CoreDataClass.swift in Sources */,
				169771091ED5DF2800A88FDA /* HomeReport.xcdatamodeld in Sources */,
				168AFDAD1ED629DF00A9DCAE /* Home+CoreDataProperties.swift in Sources */,
				169771031ED5DF2800A88FDA /* ViewController.swift in Sources */,
				169771011ED5DF2800A88FDA /* AppDelegate.swift in Sources */,
				168AFDA81ED629DF00A9DCAE /* SaleHistory+CoreDataClass.swift in Sources */,
				169771161ED5DF5A00A88FDA /* CoreDataStack.swift in Sources */,
				168AFDA91ED629DF00A9DCAE /* SaleHistory+CoreDataProperties.swift in Sources */,
				168AFDAE1ED629DF00A9DCAE /* Condo+CoreDataClass.swift in Sources */,
				168AFDAC1ED629DF00A9DCAE /* Home+CoreDataClass.swift in Sources */,
				168AFDAB1ED629DF00A9DCAE /* SingleFamily+CoreDataProperties.swift in Sources */,
				168AFDAF1ED629DF00A9DCAE /* Condo+CoreDataProperties.swift in Sources */,
			);
			runOnlyForDeploymentPostprocessing = 0;
		};
/* End PBXSourcesBuildPhase section */

/* Begin PBXVariantGroup section */
		169771041ED5DF2800A88FDA /* Main.storyboard */ = {
			isa = PBXVariantGroup;
			children = (
				169771051ED5DF2800A88FDA /* Base */,
			);
			name = Main.storyboard;
			sourceTree = "<group>";
		};
		1697710C1ED5DF2800A88FDA /* LaunchScreen.storyboard */ = {
			isa = PBXVariantGroup;
			children = (
				1697710D1ED5DF2800A88FDA /* Base */,
			);
			name = LaunchScreen.storyboard;
			sourceTree = "<group>";
		};
/* End PBXVariantGroup section */

/* Begin XCBuildConfiguration section */
		169771101ED5DF2800A88FDA /* Debug */ = {
			isa = XCBuildConfiguration;
			buildSettings = {
				ALWAYS_SEARCH_USER_PATHS = NO;
				CLANG_ANALYZER_NONNULL = YES;
				CLANG_ANALYZER_NUMBER_OBJECT_CONVERSION = YES_AGGRESSIVE;
				CLANG_CXX_LANGUAGE_STANDARD = "gnu++0x";
				CLANG_CXX_LIBRARY = "libc++";
				CLANG_ENABLE_MODULES = YES;
				CLANG_ENABLE_OBJC_ARC = YES;
				CLANG_WARN_BOOL_CONVERSION = YES;
				CLANG_WARN_CONSTANT_CONVERSION = YES;
				CLANG_WARN_DIRECT_OBJC_ISA_USAGE = YES_ERROR;
				CLANG_WARN_DOCUMENTATION_COMMENTS = YES;
				CLANG_WARN_EMPTY_BODY = YES;
				CLANG_WARN_ENUM_CONVERSION = YES;
				CLANG_WARN_INFINITE_RECURSION = YES;
				CLANG_WARN_INT_CONVERSION = YES;
				CLANG_WARN_OBJC_ROOT_CLASS = YES_ERROR;
				CLANG_WARN_SUSPICIOUS_MOVE = YES;
				CLANG_WARN_UNREACHABLE_CODE = YES;
				CLANG_WARN__DUPLICATE_METHOD_MATCH = YES;
				"CODE_SIGN_IDENTITY[sdk=iphoneos*]" = "iPhone Developer";
				COPY_PHASE_STRIP = NO;
				DEBUG_INFORMATION_FORMAT = dwarf;
				ENABLE_STRICT_OBJC_MSGSEND = YES;
				ENABLE_TESTABILITY = YES;
				GCC_C_LANGUAGE_STANDARD = gnu99;
				GCC_DYNAMIC_NO_PIC = NO;
				GCC_NO_COMMON_BLOCKS = YES;
				GCC_OPTIMIZATION_LEVEL = 0;
				GCC_PREPROCESSOR_DEFINITIONS = (
					"DEBUG=1",
					"$(inherited)",
				);
				GCC_WARN_64_TO_32_BIT_CONVERSION = YES;
				GCC_WARN_ABOUT_RETURN_TYPE = YES_ERROR;
				GCC_WARN_UNDECLARED_SELECTOR = YES;
				GCC_WARN_UNINITIALIZED_AUTOS = YES_AGGRESSIVE;
				GCC_WARN_UNUSED_FUNCTION = YES;
				GCC_WARN_UNUSED_VARIABLE = YES;
				IPHONEOS_DEPLOYMENT_TARGET = 10.3;
				MTL_ENABLE_DEBUG_INFO = YES;
				ONLY_ACTIVE_ARCH = YES;
				SDKROOT = iphoneos;
				SWIFT_ACTIVE_COMPILATION_CONDITIONS = DEBUG;
				SWIFT_OPTIMIZATION_LEVEL = "-Onone";
			};
			name = Debug;
		};
		169771111ED5DF2800A88FDA /* Release */ = {
			isa = XCBuildConfiguration;
			buildSettings = {
				ALWAYS_SEARCH_USER_PATHS = NO;
				CLANG_ANALYZER_NONNULL = YES;
				CLANG_ANALYZER_NUMBER_OBJECT_CONVERSION = YES_AGGRESSIVE;
				CLANG_CXX_LANGUAGE_STANDARD = "gnu++0x";
				CLANG_CXX_LIBRARY = "libc++";
				CLANG_ENABLE_MODULES = YES;
				CLANG_ENABLE_OBJC_ARC = YES;
				CLANG_WARN_BOOL_CONVERSION = YES;
				CLANG_WARN_CONSTANT_CONVERSION = YES;
				CLANG_WARN_DIRECT_OBJC_ISA_USAGE = YES_ERROR;
				CLANG_WARN_DOCUMENTATION_COMMENTS = YES;
				CLANG_WARN_EMPTY_BODY = YES;
				CLANG_WARN_ENUM_CONVERSION = YES;
				CLANG_WARN_INFINITE_RECURSION = YES;
				CLANG_WARN_INT_CONVERSION = YES;
				CLANG_WARN_OBJC_ROOT_CLASS = YES_ERROR;
				CLANG_WARN_SUSPICIOUS_MOVE = YES;
				CLANG_WARN_UNREACHABLE_CODE = YES;
				CLANG_WARN__DUPLICATE_METHOD_MATCH = YES;
				"CODE_SIGN_IDENTITY[sdk=iphoneos*]" = "iPhone Developer";
				COPY_PHASE_STRIP = NO;
				DEBUG_INFORMATION_FORMAT = "dwarf-with-dsym";
				ENABLE_NS_ASSERTIONS = NO;
				ENABLE_STRICT_OBJC_MSGSEND = YES;
				GCC_C_LANGUAGE_STANDARD = gnu99;
				GCC_NO_COMMON_BLOCKS = YES;
				GCC_WARN_64_TO_32_BIT_CONVERSION = YES;
				GCC_WARN_ABOUT_RETURN_TYPE = YES_ERROR;
				GCC_WARN_UNDECLARED_SELECTOR = YES;
				GCC_WARN_UNINITIALIZED_AUTOS = YES_AGGRESSIVE;
				GCC_WARN_UNUSED_FUNCTION = YES;
				GCC_WARN_UNUSED_VARIABLE = YES;
				IPHONEOS_DEPLOYMENT_TARGET = 10.3;
				MTL_ENABLE_DEBUG_INFO = NO;
				SDKROOT = iphoneos;
				SWIFT_OPTIMIZATION_LEVEL = "-Owholemodule";
				VALIDATE_PRODUCT = YES;
			};
			name = Release;
		};
		169771131ED5DF2800A88FDA /* Debug */ = {
			isa = XCBuildConfiguration;
			buildSettings = {
				ASSETCATALOG_COMPILER_APPICON_NAME = AppIcon;
				DEVELOPMENT_TEAM = UZ8Z6MM7C2;
				INFOPLIST_FILE = HomeReport/Info.plist;
				LD_RUNPATH_SEARCH_PATHS = "$(inherited) @executable_path/Frameworks";
				PRODUCT_BUNDLE_IDENTIFIER = com.mmogrovejo.HomeReport;
				PRODUCT_NAME = "$(TARGET_NAME)";
				SWIFT_VERSION = 3.0;
			};
			name = Debug;
		};
		169771141ED5DF2800A88FDA /* Release */ = {
			isa = XCBuildConfiguration;
			buildSettings = {
				ASSETCATALOG_COMPILER_APPICON_NAME = AppIcon;
				DEVELOPMENT_TEAM = UZ8Z6MM7C2;
				INFOPLIST_FILE = HomeReport/Info.plist;
				LD_RUNPATH_SEARCH_PATHS = "$(inherited) @executable_path/Frameworks";
				PRODUCT_BUNDLE_IDENTIFIER = com.mmogrovejo.HomeReport;
				PRODUCT_NAME = "$(TARGET_NAME)";
				SWIFT_VERSION = 3.0;
			};
			name = Release;
		};
/* End XCBuildConfiguration section */

/* Begin XCConfigurationList section */
		169770F81ED5DF2800A88FDA /* Build configuration list for PBXProject "HomeReport" */ = {
			isa = XCConfigurationList;
			buildConfigurations = (
				169771101ED5DF2800A88FDA /* Debug */,
				169771111ED5DF2800A88FDA /* Release */,
			);
			defaultConfigurationIsVisible = 0;
			defaultConfigurationName = Release;
		};
		169771121ED5DF2800A88FDA /* Build configuration list for PBXNativeTarget "HomeReport" */ = {
			isa = XCConfigurationList;
			buildConfigurations = (
				169771131ED5DF2800A88FDA /* Debug */,
				169771141ED5DF2800A88FDA /* Release */,
			);
			defaultConfigurationIsVisible = 0;
			defaultConfigurationName = Release;
		};
/* End XCConfigurationList section */

/* Begin XCVersionGroup section */
		169771071ED5DF2800A88FDA /* HomeReport.xcdatamodeld */ = {
			isa = XCVersionGroup;
			children = (
				169771081ED5DF2800A88FDA /* HomeReport.xcdatamodel */,
			);
			currentVersion = 169771081ED5DF2800A88FDA /* HomeReport.xcdatamodel */;
			path = HomeReport.xcdatamodeld;
			sourceTree = "<group>";
			versionGroupType = wrapper.xcdatamodel;
		};
/* End XCVersionGroup section */
	};
	rootObject = 169770F51ED5DF2800A88FDA /* Project object */;
}
