// !$*UTF8*$!
{
	archiveVersion = 1;
	classes = {
	};
	objectVersion = 46;
	objects = {

/* Begin PBXBuildFile section */
		169771011ED5DF2800A88FDA /* AppDelegate.swift in Sources */ = {isa = PBXBuildFile; fileRef = 169771001ED5DF2800A88FDA /* AppDelegate.swift */; };
		169771031ED5DF2800A88FDA /* ViewController.swift in Sources */ = {isa = PBXBuildFile; fileRef = 169771021ED5DF2800A88FDA /* ViewController.swift */; };
		169771061ED5DF2800A88FDA /* Main.storyboard in Resources */ = {isa = PBXBuildFile; fileRef = 169771041ED5DF2800A88FDA /* Main.storyboard */; };
		169771091ED5DF2800A88FDA /* HomeReport.xcdatamodeld in Sources */ = {isa = PBXBuildFile; fileRef = 169771071ED5DF2800A88FDA /* HomeReport.xcdatamodeld */; };
		1697710B1ED5DF2800A88FDA /* Assets.xcassets in Resources */ = {isa = PBXBuildFile; fileRef = 1697710A1ED5DF2800A88FDA /* Assets.xcassets */; };
		1697710E1ED5DF2800A88FDA /* LaunchScreen.storyboard in Resources */ = {isa = PBXBuildFile; fileRef = 1697710C1ED5DF2800A88FDA /* LaunchScreen.storyboard */; };
		169771161ED5DF5A00A88FDA /* CoreDataStack.swift in Sources */ = {isa = PBXBuildFile; fileRef = 169771151ED5DF5A00A88FDA /* CoreDataStack.swift */; };
/* End PBXBuildFile section */

/* Begin PBXFileReference section */
		169770FD1ED5DF2800A88FDA /* HomeReport.app */ = {isa = PBXFileReference; explicitFileType = wrapper.application; includeInIndex = 0; path = HomeReport.app; sourceTree = BUILT_PRODUCTS_DIR; };
		169771001ED5DF2800A88FDA /* AppDelegate.swift */ = {isa = PBXFileReference; lastKnownFileType = sourcecode.swift; path = AppDelegate.swift; sourceTree = "<group>"; };
		169771021ED5DF2800A88FDA /* ViewController.swift */ = {isa = PBXFileReference; lastKnownFileType = sourcecode.swift; path = ViewController.swift; sourceTree = "<group>"; };
		169771051ED5DF2800A88FDA /* Base */ = {isa = PBXFileReference; lastKnownFileType = file.storyboard; name = Base; path = Base.lproj/Main.storyboard; sourceTree = "<group>"; };
		169771081ED5DF2800A88FDA /* HomeReport.xcdatamodel */ = {isa = PBXFileReference; lastKnownFileType = wrapper.xcdatamodel; path = HomeReport.xcdatamodel; sourceTree = "<group>"; };
		1697710A1ED5DF2800A88FDA /* Assets.xcassets */ = {isa = PBXFileReference; lastKnownFileType = folder.assetcatalog; path = Assets.xcassets; sourceTree = "<group>"; };
		1697710D1ED5DF2800A88FDA /* Base */ = {isa = PBXFileReference; lastKnownFileType = file.storyboard; name = Base; path = Base.lproj/LaunchScreen.storyboard; sourceTree = "<group>"; };
		1697710F1ED5DF2800A88FDA /* Info.plist */ = {isa = PBXFileReference; lastKnownFileType = text.plist.xml; path = Info.plist; sourceTree = "<group>"; };
		169771151ED5DF5A00A88FDA /* CoreDataStack.swift */ = {isa = PBXFileReference; fileEncoding = 4; lastKnownFileType = sourcecode.swift; path = CoreDataStack.swift; sourceTree = "<group>"; };
/* End PBXFileReference section */

/* Begin PBXFrameworksBuildPhase section */
		169770FA1ED5DF2800A88FDA /* Frameworks */ = {
			isa = PBXFrameworksBuildPhase;
			buildActionMask = 2147483647;
			files = (
			);
			runOnlyForDeploymentPostprocessing = 0;
		};
/* End PBXFrameworksBuildPhase section */

/* Begin PBXGroup section */
		169770F41ED5DF2800A88FDA = {
			isa = PBXGroup;
			children = (
				169770FF1ED5DF2800A88FDA /* HomeReport */,
				169770FE1ED5DF2800A88FDA /* Products */,
			);
			sourceTree = "<group>";
		};
		169770FE1ED5DF2800A88FDA /* Products */ = {
			isa = PBXGroup;
			children = (
				169770FD1ED5DF2800A88FDA /* HomeReport.app */,
			);
			name = Products;
			sourceTree = "<group>";
		};
		169770FF1ED5DF2800A88FDA /* HomeReport */ = {
			isa = PBXGroup;
			children = (
				169771001ED5DF2800A88FDA /* AppDelegate.swift */,
				169771021ED5DF2800A88FDA /* ViewController.swift */,
				169771041ED5DF2800A88FDA /* Main.storyboard */,
				1697710A1ED5DF2800A88FDA /* Assets.xcassets */,
				1697710C1ED5DF2800A88FDA /* LaunchScreen.storyboard */,
				1697710F1ED5DF2800A88FDA /* Info.plist */,
				169771071ED5DF2800A88FDA /* HomeReport.xcdatamodeld */,
				169771151ED5DF5A00A88FDA /* CoreDataStack.swift */,
			);
			path = HomeReport;
			sourceTree = "<group>";
		};
/* End PBXGroup section */

/* Begin PBXNativeTarget section */
		169770FC1ED5DF2800A88FDA /* HomeReport */ = {
			isa = PBXNativeTarget;
			buildConfigurationList = 169771121ED5DF2800A88FDA /* Build configuration list for PBXNativeTarget "HomeReport" */;
			buildPhases = (
				169770F91ED5DF2800A88FDA /* Sources */,
				169770FA1ED5DF2800A88FDA /* Frameworks */,
				169770FB1ED5DF2800A88FDA /* Resources */,
			);
			buildRules = (
			);
			dependencies = (
			);
			name = HomeReport;
			productName = HomeReport;
			productReference = 169770FD1ED5DF2800A88FDA /* HomeReport.app */;
			productType = "com.apple.product-type.application";
		};
/* End PBXNativeTarget section */

/* Begin PBXProject section */
		169770F51ED5DF2800A88FDA /* Project object */ = {
			isa = PBXProject;
			attributes = {
				LastSwiftUpdateCheck = 0830;
				LastUpgradeCheck = 0830;
				ORGANIZATIONNAME = "Marcelo Mogrovejo";
				TargetAttributes = {
					169770FC1ED5DF2800A88FDA = {
						CreatedOnToolsVersion = 8.3.2;
						DevelopmentTeam = UZ8Z6MM7C2;
						ProvisioningStyle = Automatic;
					};
				};
			};
			buildConfigurationList = 169770F81ED5DF2800A88FDA /* Build configuration list for PBXProject "HomeReport" */;
			compatibilityVersion = "Xcode 3.2";
			developmentRegion = English;
			hasScannedForEncodings = 0;
			knownRegions = (
				en,
				Base,
			);
			mainGroup = 169770F41ED5DF2800A88FDA;
			productRefGroup = 169770FE1ED5DF2800A88FDA /* Products */;
			projectDirPath = "";
			projectRoot = "";
			targets = (
				169770FC1ED5DF2800A88FDA /* HomeReport */,
			);
		};
/* End PBXProject section */

/* Begin PBXResourcesBuildPhase section */
		169770FB1ED5DF2800A88FDA /* Resources */ = {
			isa = PBXResourcesBuildPhase;
			buildActionMask = 2147483647;
			files = (
				1697710E1ED5DF2800A88FDA /* LaunchScreen.storyboard in Resources */,
				1697710B1ED5DF2800A88FDA /* Assets.xcassets in Resources */,
				169771061ED5DF2800A88FDA /* Main.storyboard in Resources */,
			);
			runOnlyForDeploymentPostprocessing = 0;
		};
/* End PBXResourcesBuildPhase section */

/* Begin PBXSourcesBuildPhase section */
		169770F91ED5DF2800A88FDA /* Sources */ = {
			isa = PBXSourcesBuildPhase;
			buildActionMask = 2147483647;
			files = (
				169771091ED5DF2800A88FDA /* HomeReport.xcdatamodeld in Sources */,
				169771031ED5DF2800A88FDA /* ViewController.swift in Sources */,
				169771011ED5DF2800A88FDA /* AppDelegate.swift in Sources */,
				169771161ED5DF5A00A88FDA /* CoreDataStack.swift in Sources */,
			);
			runOnlyForDeploymentPostprocessing = 0;
		};
/* End PBXSourcesBuildPhase section */

/* Begin PBXVariantGroup section */
		169771041ED5DF2800A88FDA /* Main.storyboard */ = {
			isa = PBXVariantGroup;
			children = (
				169771051ED5DF2800A88FDA /* Base */,
			);
			name = Main.storyboard;
			sourceTree = "<group>";
		};
		1697710C1ED5DF2800A88FDA /* LaunchScreen.storyboard */ = {
			isa = PBXVariantGroup;
			children = (
				1697710D1ED5DF2800A88FDA /* Base */,
			);
			name = LaunchScreen.storyboard;
			sourceTree = "<group>";
		};
/* End PBXVariantGroup section */

/* Begin XCBuildConfiguration section */
		169771101ED5DF2800A88FDA /* Debug */ = {
			isa = XCBuildConfiguration;
			buildSettings = {
				ALWAYS_SEARCH_USER_PATHS = NO;
				CLANG_ANALYZER_NONNULL = YES;
				CLANG_ANALYZER_NUMBER_OBJECT_CONVERSION = YES_AGGRESSIVE;
				CLANG_CXX_LANGUAGE_STANDARD = "gnu++0x";
				CLANG_CXX_LIBRARY = "libc++";
				CLANG_ENABLE_MODULES = YES;
				CLANG_ENABLE_OBJC_ARC = YES;
				CLANG_WARN_BOOL_CONVERSION = YES;
				CLANG_WARN_CONSTANT_CONVERSION = YES;
				CLANG_WARN_DIRECT_OBJC_ISA_USAGE = YES_ERROR;
				CLANG_WARN_DOCUMENTATION_COMMENTS = YES;
				CLANG_WARN_EMPTY_BODY = YES;
				CLANG_WARN_ENUM_CONVERSION = YES;
				CLANG_WARN_INFINITE_RECURSION = YES;
				CLANG_WARN_INT_CONVERSION = YES;
				CLANG_WARN_OBJC_ROOT_CLASS = YES_ERROR;
				CLANG_WARN_SUSPICIOUS_MOVE = YES;
				CLANG_WARN_UNREACHABLE_CODE = YES;
				CLANG_WARN__DUPLICATE_METHOD_MATCH = YES;
				"CODE_SIGN_IDENTITY[sdk=iphoneos*]" = "iPhone Developer";
				COPY_PHASE_STRIP = NO;
				DEBUG_INFORMATION_FORMAT = dwarf;
				ENABLE_STRICT_OBJC_MSGSEND = YES;
				ENABLE_TESTABILITY = YES;
				GCC_C_LANGUAGE_STANDARD = gnu99;
				GCC_DYNAMIC_NO_PIC = NO;
				GCC_NO_COMMON_BLOCKS = YES;
				GCC_OPTIMIZATION_LEVEL = 0;
				GCC_PREPROCESSOR_DEFINITIONS = (
					"DEBUG=1",
					"$(inherited)",
				);
				GCC_WARN_64_TO_32_BIT_CONVERSION = YES;
				GCC_WARN_ABOUT_RETURN_TYPE = YES_ERROR;
				GCC_WARN_UNDECLARED_SELECTOR = YES;
				GCC_WARN_UNINITIALIZED_AUTOS = YES_AGGRESSIVE;
				GCC_WARN_UNUSED_FUNCTION = YES;
				GCC_WARN_UNUSED_VARIABLE = YES;
				IPHONEOS_DEPLOYMENT_TARGET = 10.3;
				MTL_ENABLE_DEBUG_INFO = YES;
				ONLY_ACTIVE_ARCH = YES;
				SDKROOT = iphoneos;
				SWIFT_ACTIVE_COMPILATION_CONDITIONS = DEBUG;
				SWIFT_OPTIMIZATION_LEVEL = "-Onone";
			};
			name = Debug;
		};
		169771111ED5DF2800A88FDA /* Release */ = {
			isa = XCBuildConfiguration;
			buildSettings = {
				ALWAYS_SEARCH_USER_PATHS = NO;
				CLANG_ANALYZER_NONNULL = YES;
				CLANG_ANALYZER_NUMBER_OBJECT_CONVERSION = YES_AGGRESSIVE;
				CLANG_CXX_LANGUAGE_STANDARD = "gnu++0x";
				CLANG_CXX_LIBRARY = "libc++";
				CLANG_ENABLE_MODULES = YES;
				CLANG_ENABLE_OBJC_ARC = YES;
				CLANG_WARN_BOOL_CONVERSION = YES;
				CLANG_WARN_CONSTANT_CONVERSION = YES;
				CLANG_WARN_DIRECT_OBJC_ISA_USAGE = YES_ERROR;
				CLANG_WARN_DOCUMENTATION_COMMENTS = YES;
				CLANG_WARN_EMPTY_BODY = YES;
				CLANG_WARN_ENUM_CONVERSION = YES;
				CLANG_WARN_INFINITE_RECURSION = YES;
				CLANG_WARN_INT_CONVERSION = YES;
				CLANG_WARN_OBJC_ROOT_CLASS = YES_ERROR;
				CLANG_WARN_SUSPICIOUS_MOVE = YES;
				CLANG_WARN_UNREACHABLE_CODE = YES;
				CLANG_WARN__DUPLICATE_METHOD_MATCH = YES;
				"CODE_SIGN_IDENTITY[sdk=iphoneos*]" = "iPhone Developer";
				COPY_PHASE_STRIP = NO;
				DEBUG_INFORMATION_FORMAT = "dwarf-with-dsym";
				ENABLE_NS_ASSERTIONS = NO;
				ENABLE_STRICT_OBJC_MSGSEND = YES;
				GCC_C_LANGUAGE_STANDARD = gnu99;
				GCC_NO_COMMON_BLOCKS = YES;
				GCC_WARN_64_TO_32_BIT_CONVERSION = YES;
				GCC_WARN_ABOUT_RETURN_TYPE = YES_ERROR;
				GCC_WARN_UNDECLARED_SELECTOR = YES;
				GCC_WARN_UNINITIALIZED_AUTOS = YES_AGGRESSIVE;
				GCC_WARN_UNUSED_FUNCTION = YES;
				GCC_WARN_UNUSED_VARIABLE = YES;
				IPHONEOS_DEPLOYMENT_TARGET = 10.3;
				MTL_ENABLE_DEBUG_INFO = NO;
				SDKROOT = iphoneos;
				SWIFT_OPTIMIZATION_LEVEL = "-Owholemodule";
				VALIDATE_PRODUCT = YES;
			};
			name = Release;
		};
		169771131ED5DF2800A88FDA /* Debug */ = {
			isa = XCBuildConfiguration;
			buildSettings = {
				ASSETCATALOG_COMPILER_APPICON_NAME = AppIcon;
				DEVELOPMENT_TEAM = UZ8Z6MM7C2;
				INFOPLIST_FILE = HomeReport/Info.plist;
				LD_RUNPATH_SEARCH_PATHS = "$(inherited) @executable_path/Frameworks";
				PRODUCT_BUNDLE_IDENTIFIER = com.mmogrovejo.HomeReport;
				PRODUCT_NAME = "$(TARGET_NAME)";
				SWIFT_VERSION = 3.0;
			};
			name = Debug;
		};
		169771141ED5DF2800A88FDA /* Release */ = {
			isa = XCBuildConfiguration;
			buildSettings = {
				ASSETCATALOG_COMPILER_APPICON_NAME = AppIcon;
				DEVELOPMENT_TEAM = UZ8Z6MM7C2;
				INFOPLIST_FILE = HomeReport/Info.plist;
				LD_RUNPATH_SEARCH_PATHS = "$(inherited) @executable_path/Frameworks";
				PRODUCT_BUNDLE_IDENTIFIER = com.mmogrovejo.HomeReport;
				PRODUCT_NAME = "$(TARGET_NAME)";
				SWIFT_VERSION = 3.0;
			};
			name = Release;
		};
/* End XCBuildConfiguration section */

/* Begin XCConfigurationList section */
		169770F81ED5DF2800A88FDA /* Build configuration list for PBXProject "HomeReport" */ = {
			isa = XCConfigurationList;
			buildConfigurations = (
				169771101ED5DF2800A88FDA /* Debug */,
				169771111ED5DF2800A88FDA /* Release */,
			);
			defaultConfigurationIsVisible = 0;
			defaultConfigurationName = Release;
		};
		169771121ED5DF2800A88FDA /* Build configuration list for PBXNativeTarget "HomeReport" */ = {
			isa = XCConfigurationList;
			buildConfigurations = (
				169771131ED5DF2800A88FDA /* Debug */,
				169771141ED5DF2800A88FDA /* Release */,
			);
			defaultConfigurationIsVisible = 0;
		};
/* End XCConfigurationList section */

/* Begin XCVersionGroup section */
		169771071ED5DF2800A88FDA /* HomeReport.xcdatamodeld */ = {
			isa = XCVersionGroup;
			children = (
				169771081ED5DF2800A88FDA /* HomeReport.xcdatamodel */,
			);
			currentVersion = 169771081ED5DF2800A88FDA /* HomeReport.xcdatamodel */;
			path = HomeReport.xcdatamodeld;
			sourceTree = "<group>";
			versionGroupType = wrapper.xcdatamodel;
		};
/* End XCVersionGroup section */
	};
	rootObject = 169770F51ED5DF2800A88FDA /* Project object */;
}
